
Microsoft Visual Studio Solution File, Format Version 12.00
# Visual Studio Version 17
VisualStudioVersion = 17.10.35013.160
MinimumVisualStudioVersion = 10.0.40219.1
Project("{FAE04EC0-301F-11D3-BF4B-00C04F79EFBC}") = "ConsoleApp1", "ConsoleApp1.csproj", "{DEA14AB0-5AC4-4F44-BB78-319300A575DC}"
EndProject
Global
	GlobalSection(SolutionConfigurationPlatforms) = preSolution
		Debug|Any CPU = Debug|Any CPU
		Release|Any CPU = Release|Any CPU
	EndGlobalSection
	GlobalSection(ProjectConfigurationPlatforms) = postSolution
		{DEA14AB0-5AC4-4F44-BB78-319300A575DC}.Debug|Any CPU.ActiveCfg = Debug|Any CPU
		{DEA14AB0-5AC4-4F44-BB78-319300A575DC}.Debug|Any CPU.Build.0 = Debug|Any CPU
		{DEA14AB0-5AC4-4F44-BB78-319300A575DC}.Release|Any CPU.ActiveCfg = Release|Any CPU
		{DEA14AB0-5AC4-4F44-BB78-319300A575DC}.Release|Any CPU.Build.0 = Release|Any CPU
	EndGlobalSection
	GlobalSection(SolutionProperties) = preSolution
		HideSolutionNode = FALSE
	EndGlobalSection
	GlobalSection(ExtensibilityGlobals) = postSolution
		SolutionGuid = {60A20DB1-076D-43F4-9744-86898A9A7016}
	EndGlobalSection
EndGlobal
